dependencies:
- name: postgresql
  repository: https://charts.bitnami.com/bitnami
  version: 12.12.10
- name: memcached
  repository: https://charts.bitnami.com/bitnami
  version: 6.14.0
- name: common
  repository: https://charts.bitnami.com/bitnami
  version: 2.31.4
digest: sha256:097819ef01fdb1032668b9276faf7af020b851eaa2a82b713e1e624cd699cbc1
generated: "2025-08-25T07:06:53.645797005Z"
